
Microsoft Visual Studio Solution File, Format Version 12.00
Project("{FAE04EC0-301F-11D3-BF4B-00C04F79EFBC}") = "HardwareStreaming", "HardwareStreaming/HardwareStreaming.csproj", "{9A279BB2-132C-4074-8613-C758DB7CE1F7}"
EndProject
Project("{FAE04EC0-301F-11D3-BF4B-00C04F79EFBC}") = "HardwareBroadcast", "HardwareBroadcast/HardwareBroadcast.csproj", "{476A4202-517F-4C83-8498-4213DFD2B3AB}"
EndProject
Project("{FAE04EC0-301F-11D3-BF4B-00C04F79EFBC}") = "HardwareStreaming.Internals", "HardwareStreaming.Internals\HardwareStreaming.Internals.csproj", "{6DAD9AC6-D8BF-4DB3-8402-422142D7F3E3}"
EndProject
Global
	GlobalSection(SolutionConfigurationPlatforms) = preSolution
		Debug|Any CPU = Debug|Any CPU
		Release|Any CPU = Release|Any CPU
	EndGlobalSection
	GlobalSection(ProjectConfigurationPlatforms) = postSolution
		{9A279BB2-132C-4074-8613-C758DB7CE1F7}.Debug|Any CPU.ActiveCfg = Debug|Any CPU
		{9A279BB2-132C-4074-8613-C758DB7CE1F7}.Debug|Any CPU.Build.0 = Debug|Any CPU
		{9A279BB2-132C-4074-8613-C758DB7CE1F7}.Release|Any CPU.ActiveCfg = Release|Any CPU
		{9A279BB2-132C-4074-8613-C758DB7CE1F7}.Release|Any CPU.Build.0 = Release|Any CPU
		{476A4202-517F-4C83-8498-4213DFD2B3AB}.Debug|Any CPU.ActiveCfg = Debug|Any CPU
		{476A4202-517F-4C83-8498-4213DFD2B3AB}.Debug|Any CPU.Build.0 = Debug|Any CPU
		{476A4202-517F-4C83-8498-4213DFD2B3AB}.Release|Any CPU.ActiveCfg = Release|Any CPU
		{476A4202-517F-4C83-8498-4213DFD2B3AB}.Release|Any CPU.Build.0 = Release|Any CPU
		{6DAD9AC6-D8BF-4DB3-8402-422142D7F3E3}.Debug|Any CPU.ActiveCfg = Debug|Any CPU
		{6DAD9AC6-D8BF-4DB3-8402-422142D7F3E3}.Debug|Any CPU.Build.0 = Debug|Any CPU
		{6DAD9AC6-D8BF-4DB3-8402-422142D7F3E3}.Release|Any CPU.ActiveCfg = Release|Any CPU
		{6DAD9AC6-D8BF-4DB3-8402-422142D7F3E3}.Release|Any CPU.Build.0 = Release|Any CPU
	EndGlobalSection
EndGlobal
